
Microsoft Visual Studio Solution File, Format Version 12.00
# Visual Studio Version 17
VisualStudioVersion = 17.8.34330.188
MinimumVisualStudioVersion = 10.0.40219.1
Project("{FAE04EC0-301F-11D3-BF4B-00C04F79EFBC}") = "filetest", "filetest.csproj", "{3C421079-5840-4F7F-A43D-7276C38DA79A}"
EndProject
Global
	GlobalSection(SolutionConfigurationPlatforms) = preSolution
		Debug|Any CPU = Debug|Any CPU
		Release|Any CPU = Release|Any CPU
	EndGlobalSection
	GlobalSection(ProjectConfigurationPlatforms) = postSolution
		{3C421079-5840-4F7F-A43D-7276C38DA79A}.Debug|Any CPU.ActiveCfg = Debug|Any CPU
		{3C421079-5840-4F7F-A43D-7276C38DA79A}.Debug|Any CPU.Build.0 = Debug|Any CPU
		{3C421079-5840-4F7F-A43D-7276C38DA79A}.Release|Any CPU.ActiveCfg = Release|Any CPU
		{3C421079-5840-4F7F-A43D-7276C38DA79A}.Release|Any CPU.Build.0 = Release|Any CPU
	EndGlobalSection
	GlobalSection(SolutionProperties) = preSolution
		HideSolutionNode = FALSE
	EndGlobalSection
	GlobalSection(ExtensibilityGlobals) = postSolution
		SolutionGuid = {CAB1E3D2-5D8C-4FF1-B3A7-4A5FA389B491}
	EndGlobalSection
EndGlobal
